
Microsoft Visual Studio Solution File, Format Version 12.00
# Visual Studio Version 17
VisualStudioVersion = 17.4.33103.184
MinimumVisualStudioVersion = 10.0.40219.1
Project("{8BC9CEB8-8B4A-11D0-8D11-00A0C91BC942}") = "01 - const and compiler bug", "CppExamples\CppExamples.vcxproj", "{D687FCDF-4C89-4F52-AE6D-B94B4CE55056}"
EndProject
Project("{8BC9CEB8-8B4A-11D0-8D11-00A0C91BC942}") = "02 - Struct size", "ConsoleApplication1\ConsoleApplication1.vcxproj", "{FE8DEF86-3A41-4848-81D0-A8694F8319C0}"
EndProject
Project("{8BC9CEB8-8B4A-11D0-8D11-00A0C91BC942}") = "Virtual in Constructor", "Virtual in Constructor\Virtual in Constructor.vcxproj", "{4BFAF819-2B1E-4402-A39C-436D1F2CEFFB}"
EndProject
Project("{8BC9CEB8-8B4A-11D0-8D11-00A0C91BC942}") = "Move Semantics", "Move Semantics\Move Semantics.vcxproj", "{6AA1B6C6-E4D9-4627-ADEA-937CCE7CD7D5}"
EndProject
Project("{8BC9CEB8-8B4A-11D0-8D11-00A0C91BC942}") = "Structured Binding", "Structured Binding\Structured Binding.vcxproj", "{5C20F45C-D1E5-4B00-BAC1-80DC9F5F275B}"
EndProject
Project("{8BC9CEB8-8B4A-11D0-8D11-00A0C91BC942}") = "Smart Pointers", "Smart Pointers\Smart Pointers.vcxproj", "{7ED2D780-638E-454E-B129-574D07C6BACD}"
EndProject
Project("{8BC9CEB8-8B4A-11D0-8D11-00A0C91BC942}") = "Threads", "Threads\Threads.vcxproj", "{E8E8DD79-6B5D-409F-A0BC-35427CE50515}"
EndProject
Project("{8BC9CEB8-8B4A-11D0-8D11-00A0C91BC942}") = "Design Patterns", "Design Patterns\Design Patterns.vcxproj", "{6035E470-ED0D-4A30-8CDB-47947889C8A8}"
EndProject
Project("{8BC9CEB8-8B4A-11D0-8D11-00A0C91BC942}") = "STL Any", "STL Any\STL Any.vcxproj", "{D1AE3B16-9C48-4FD2-A297-76484C20BEE6}"
EndProject
Global
	GlobalSection(SolutionConfigurationPlatforms) = preSolution
		Debug|x64 = Debug|x64
		Debug|x86 = Debug|x86
		Release|x64 = Release|x64
		Release|x86 = Release|x86
	EndGlobalSection
	GlobalSection(ProjectConfigurationPlatforms) = postSolution
		{D687FCDF-4C89-4F52-AE6D-B94B4CE55056}.Debug|x64.ActiveCfg = Debug|x64
		{D687FCDF-4C89-4F52-AE6D-B94B4CE55056}.Debug|x64.Build.0 = Debug|x64
		{D687FCDF-4C89-4F52-AE6D-B94B4CE55056}.Debug|x86.ActiveCfg = Debug|Win32
		{D687FCDF-4C89-4F52-AE6D-B94B4CE55056}.Debug|x86.Build.0 = Debug|Win32
		{D687FCDF-4C89-4F52-AE6D-B94B4CE55056}.Release|x64.ActiveCfg = Release|x64
		{D687FCDF-4C89-4F52-AE6D-B94B4CE55056}.Release|x64.Build.0 = Release|x64
		{D687FCDF-4C89-4F52-AE6D-B94B4CE55056}.Release|x86.ActiveCfg = Release|Win32
		{D687FCDF-4C89-4F52-AE6D-B94B4CE55056}.Release|x86.Build.0 = Release|Win32
		{FE8DEF86-3A41-4848-81D0-A8694F8319C0}.Debug|x64.ActiveCfg = Debug|x64
		{FE8DEF86-3A41-4848-81D0-A8694F8319C0}.Debug|x64.Build.0 = Debug|x64
		{FE8DEF86-3A41-4848-81D0-A8694F8319C0}.Debug|x86.ActiveCfg = Debug|Win32
		{FE8DEF86-3A41-4848-81D0-A8694F8319C0}.Debug|x86.Build.0 = Debug|Win32
		{FE8DEF86-3A41-4848-81D0-A8694F8319C0}.Release|x64.ActiveCfg = Release|x64
		{FE8DEF86-3A41-4848-81D0-A8694F8319C0}.Release|x64.Build.0 = Release|x64
		{FE8DEF86-3A41-4848-81D0-A8694F8319C0}.Release|x86.ActiveCfg = Release|Win32
		{FE8DEF86-3A41-4848-81D0-A8694F8319C0}.Release|x86.Build.0 = Release|Win32
		{4BFAF819-2B1E-4402-A39C-436D1F2CEFFB}.Debug|x64.ActiveCfg = Debug|x64
		{4BFAF819-2B1E-4402-A39C-436D1F2CEFFB}.Debug|x64.Build.0 = Debug|x64
		{4BFAF819-2B1E-4402-A39C-436D1F2CEFFB}.Debug|x86.ActiveCfg = Debug|Win32
		{4BFAF819-2B1E-4402-A39C-436D1F2CEFFB}.Debug|x86.Build.0 = Debug|Win32
		{4BFAF819-2B1E-4402-A39C-436D1F2CEFFB}.Release|x64.ActiveCfg = Release|x64
		{4BFAF819-2B1E-4402-A39C-436D1F2CEFFB}.Release|x64.Build.0 = Release|x64
		{4BFAF819-2B1E-4402-A39C-436D1F2CEFFB}.Release|x86.ActiveCfg = Release|Win32
		{4BFAF819-2B1E-4402-A39C-436D1F2CEFFB}.Release|x86.Build.0 = Release|Win32
		{6AA1B6C6-E4D9-4627-ADEA-937CCE7CD7D5}.Debug|x64.ActiveCfg = Debug|x64
		{6AA1B6C6-E4D9-4627-ADEA-937CCE7CD7D5}.Debug|x64.Build.0 = Debug|x64
		{6AA1B6C6-E4D9-4627-ADEA-937CCE7CD7D5}.Debug|x86.ActiveCfg = Debug|Win32
		{6AA1B6C6-E4D9-4627-ADEA-937CCE7CD7D5}.Debug|x86.Build.0 = Debug|Win32
		{6AA1B6C6-E4D9-4627-ADEA-937CCE7CD7D5}.Release|x64.ActiveCfg = Release|x64
		{6AA1B6C6-E4D9-4627-ADEA-937CCE7CD7D5}.Release|x64.Build.0 = Release|x64
		{6AA1B6C6-E4D9-4627-ADEA-937CCE7CD7D5}.Release|x86.ActiveCfg = Release|Win32
		{6AA1B6C6-E4D9-4627-ADEA-937CCE7CD7D5}.Release|x86.Build.0 = Release|Win32
		{5C20F45C-D1E5-4B00-BAC1-80DC9F5F275B}.Debug|x64.ActiveCfg = Debug|x64
		{5C20F45C-D1E5-4B00-BAC1-80DC9F5F275B}.Debug|x64.Build.0 = Debug|x64
		{5C20F45C-D1E5-4B00-BAC1-80DC9F5F275B}.Debug|x86.ActiveCfg = Debug|Win32
		{5C20F45C-D1E5-4B00-BAC1-80DC9F5F275B}.Debug|x86.Build.0 = Debug|Win32
		{5C20F45C-D1E5-4B00-BAC1-80DC9F5F275B}.Release|x64.ActiveCfg = Release|x64
		{5C20F45C-D1E5-4B00-BAC1-80DC9F5F275B}.Release|x64.Build.0 = Release|x64
		{5C20F45C-D1E5-4B00-BAC1-80DC9F5F275B}.Release|x86.ActiveCfg = Release|Win32
		{5C20F45C-D1E5-4B00-BAC1-80DC9F5F275B}.Release|x86.Build.0 = Release|Win32
		{7ED2D780-638E-454E-B129-574D07C6BACD}.Debug|x64.ActiveCfg = Debug|x64
		{7ED2D780-638E-454E-B129-574D07C6BACD}.Debug|x64.Build.0 = Debug|x64
		{7ED2D780-638E-454E-B129-574D07C6BACD}.Debug|x86.ActiveCfg = Debug|Win32
		{7ED2D780-638E-454E-B129-574D07C6BACD}.Debug|x86.Build.0 = Debug|Win32
		{7ED2D780-638E-454E-B129-574D07C6BACD}.Release|x64.ActiveCfg = Release|x64
		{7ED2D780-638E-454E-B129-574D07C6BACD}.Release|x64.Build.0 = Release|x64
		{7ED2D780-638E-454E-B129-574D07C6BACD}.Release|x86.ActiveCfg = Release|Win32
		{7ED2D780-638E-454E-B129-574D07C6BACD}.Release|x86.Build.0 = Release|Win32
		{E8E8DD79-6B5D-409F-A0BC-35427CE50515}.Debug|x64.ActiveCfg = Debug|x64
		{E8E8DD79-6B5D-409F-A0BC-35427CE50515}.Debug|x64.Build.0 = Debug|x64
		{E8E8DD79-6B5D-409F-A0BC-35427CE50515}.Debug|x86.ActiveCfg = Debug|Win32
		{E8E8DD79-6B5D-409F-A0BC-35427CE50515}.Debug|x86.Build.0 = Debug|Win32
		{E8E8DD79-6B5D-409F-A0BC-35427CE50515}.Release|x64.ActiveCfg = Release|x64
		{E8E8DD79-6B5D-409F-A0BC-35427CE50515}.Release|x64.Build.0 = Release|x64
		{E8E8DD79-6B5D-409F-A0BC-35427CE50515}.Release|x86.ActiveCfg = Release|Win32
		{E8E8DD79-6B5D-409F-A0BC-35427CE50515}.Release|x86.Build.0 = Release|Win32
		{6035E470-ED0D-4A30-8CDB-47947889C8A8}.Debug|x64.ActiveCfg = Debug|x64
		{6035E470-ED0D-4A30-8CDB-47947889C8A8}.Debug|x64.Build.0 = Debug|x64
		{6035E470-ED0D-4A30-8CDB-47947889C8A8}.Debug|x86.ActiveCfg = Debug|Win32
		{6035E470-ED0D-4A30-8CDB-47947889C8A8}.Debug|x86.Build.0 = Debug|Win32
		{6035E470-ED0D-4A30-8CDB-47947889C8A8}.Release|x64.ActiveCfg = Release|x64
		{6035E470-ED0D-4A30-8CDB-47947889C8A8}.Release|x64.Build.0 = Release|x64
		{6035E470-ED0D-4A30-8CDB-47947889C8A8}.Release|x86.ActiveCfg = Release|Win32
		{6035E470-ED0D-4A30-8CDB-47947889C8A8}.Release|x86.Build.0 = Release|Win32
		{D1AE3B16-9C48-4FD2-A297-76484C20BEE6}.Debug|x64.ActiveCfg = Debug|x64
		{D1AE3B16-9C48-4FD2-A297-76484C20BEE6}.Debug|x64.Build.0 = Debug|x64
		{D1AE3B16-9C48-4FD2-A297-76484C20BEE6}.Debug|x86.ActiveCfg = Debug|Win32
		{D1AE3B16-9C48-4FD2-A297-76484C20BEE6}.Debug|x86.Build.0 = Debug|Win32
		{D1AE3B16-9C48-4FD2-A297-76484C20BEE6}.Release|x64.ActiveCfg = Release|x64
		{D1AE3B16-9C48-4FD2-A297-76484C20BEE6}.Release|x64.Build.0 = Release|x64
		{D1AE3B16-9C48-4FD2-A297-76484C20BEE6}.Release|x86.ActiveCfg = Release|Win32
		{D1AE3B16-9C48-4FD2-A297-76484C20BEE6}.Release|x86.Build.0 = Release|Win32
	EndGlobalSection
	GlobalSection(SolutionProperties) = preSolution
		HideSolutionNode = FALSE
	EndGlobalSection
	GlobalSection(ExtensibilityGlobals) = postSolution
		SolutionGuid = {EC5CD0D6-6E17-428A-AEEF-1657F09589B4}
	EndGlobalSection
EndGlobal
